// !$*UTF8*$!
{
	archiveVersion = 1;
	classes = {
	};
	objectVersion = 46;
	objects = {

/* Begin PBXBuildFile section */
		0659127D1ED00E9800B4CB10 /* KIF+Extension.swift in Sources */ = {isa = PBXBuildFile; fileRef = 0659127C1ED00E9800B4CB10 /* KIF+Extension.swift */; };
		065F601B1ED0087D00896DF9 /* AppDelegate.swift in Sources */ = {isa = PBXBuildFile; fileRef = 065F601A1ED0087D00896DF9 /* AppDelegate.swift */; };
		065F601D1ED0087D00896DF9 /* ViewController.swift in Sources */ = {isa = PBXBuildFile; fileRef = 065F601C1ED0087D00896DF9 /* ViewController.swift */; };
		065F60201ED0087D00896DF9 /* Main.storyboard in Resources */ = {isa = PBXBuildFile; fileRef = 065F601E1ED0087D00896DF9 /* Main.storyboard */; };
		065F60221ED0087D00896DF9 /* Assets.xcassets in Resources */ = {isa = PBXBuildFile; fileRef = 065F60211ED0087D00896DF9 /* Assets.xcassets */; };
		065F60251ED0087D00896DF9 /* LaunchScreen.storyboard in Resources */ = {isa = PBXBuildFile; fileRef = 065F60231ED0087D00896DF9 /* LaunchScreen.storyboard */; };
		065F60301ED0087D00896DF9 /* VivianUnitTests.swift in Sources */ = {isa = PBXBuildFile; fileRef = 065F602F1ED0087D00896DF9 /* VivianUnitTests.swift */; };
		065F60411ED00A0700896DF9 /* VivianUITests.swift in Sources */ = {isa = PBXBuildFile; fileRef = 065F60401ED00A0700896DF9 /* VivianUITests.swift */; };
		0ABBFBB6DD6E748F6CFB4691 /* Pods_VivianUnitTests.framework in Frameworks */ = {isa = PBXBuildFile; fileRef = 924A17FB2FA8AC78AECC27F6 /* Pods_VivianUnitTests.framework */; };
		677847CEF098AF156C3F866A /* Pods_VivianUITests.framework in Frameworks */ = {isa = PBXBuildFile; fileRef = 43B77D6B753D7C05A5E41D4B /* Pods_VivianUITests.framework */; };
		A32BF624A31BD0CD7F15199B /* Pods_Vivian.framework in Frameworks */ = {isa = PBXBuildFile; fileRef = CBF150BBA3F32D3538684F96 /* Pods_Vivian.framework */; };
/* End PBXBuildFile section */

/* Begin PBXContainerItemProxy section */
		065F602C1ED0087D00896DF9 /* PBXContainerItemProxy */ = {
			isa = PBXContainerItemProxy;
			containerPortal = 065F600F1ED0087D00896DF9 /* Project object */;
			proxyType = 1;
			remoteGlobalIDString = 065F60161ED0087D00896DF9;
			remoteInfo = Vivian;
		};
		065F60431ED00A0700896DF9 /* PBXContainerItemProxy */ = {
			isa = PBXContainerItemProxy;
			containerPortal = 065F600F1ED0087D00896DF9 /* Project object */;
			proxyType = 1;
			remoteGlobalIDString = 065F60161ED0087D00896DF9;
			remoteInfo = Vivian;
		};
/* End PBXContainerItemProxy section */

/* Begin PBXFileReference section */
		0659127C1ED00E9800B4CB10 /* KIF+Extension.swift */ = {isa = PBXFileReference; fileEncoding = 4; lastKnownFileType = sourcecode.swift; path = "KIF+Extension.swift"; sourceTree = "<group>"; };
		065F60171ED0087D00896DF9 /* Vivian.app */ = {isa = PBXFileReference; explicitFileType = wrapper.application; includeInIndex = 0; path = Vivian.app; sourceTree = BUILT_PRODUCTS_DIR; };
		065F601A1ED0087D00896DF9 /* AppDelegate.swift */ = {isa = PBXFileReference; lastKnownFileType = sourcecode.swift; path = AppDelegate.swift; sourceTree = "<group>"; };
		065F601C1ED0087D00896DF9 /* ViewController.swift */ = {isa = PBXFileReference; lastKnownFileType = sourcecode.swift; path = ViewController.swift; sourceTree = "<group>"; };
		065F601F1ED0087D00896DF9 /* Base */ = {isa = PBXFileReference; lastKnownFileType = file.storyboard; name = Base; path = Base.lproj/Main.storyboard; sourceTree = "<group>"; };
		065F60211ED0087D00896DF9 /* Assets.xcassets */ = {isa = PBXFileReference; lastKnownFileType = folder.assetcatalog; path = Assets.xcassets; sourceTree = "<group>"; };
		065F60241ED0087D00896DF9 /* Base */ = {isa = PBXFileReference; lastKnownFileType = file.storyboard; name = Base; path = Base.lproj/LaunchScreen.storyboard; sourceTree = "<group>"; };
		065F60261ED0087D00896DF9 /* Info.plist */ = {isa = PBXFileReference; lastKnownFileType = text.plist.xml; path = Info.plist; sourceTree = "<group>"; };
		065F602B1ED0087D00896DF9 /* VivianUnitTests.xctest */ = {isa = PBXFileReference; explicitFileType = wrapper.cfbundle; includeInIndex = 0; path = VivianUnitTests.xctest; sourceTree = BUILT_PRODUCTS_DIR; };
		065F602F1ED0087D00896DF9 /* VivianUnitTests.swift */ = {isa = PBXFileReference; lastKnownFileType = sourcecode.swift; path = VivianUnitTests.swift; sourceTree = "<group>"; };
		065F60311ED0087D00896DF9 /* Info.plist */ = {isa = PBXFileReference; lastKnownFileType = text.plist.xml; path = Info.plist; sourceTree = "<group>"; };
		065F603E1ED00A0700896DF9 /* VivianUITests.xctest */ = {isa = PBXFileReference; explicitFileType = wrapper.cfbundle; includeInIndex = 0; path = VivianUITests.xctest; sourceTree = BUILT_PRODUCTS_DIR; };
		065F60401ED00A0700896DF9 /* VivianUITests.swift */ = {isa = PBXFileReference; lastKnownFileType = sourcecode.swift; path = VivianUITests.swift; sourceTree = "<group>"; };
		065F60421ED00A0700896DF9 /* Info.plist */ = {isa = PBXFileReference; lastKnownFileType = text.plist.xml; path = Info.plist; sourceTree = "<group>"; };
		0B65A9C3085ACE1AF50C1C90 /* Pods-Vivian-VivianUnitTests.release.xcconfig */ = {isa = PBXFileReference; includeInIndex = 1; lastKnownFileType = text.xcconfig; name = "Pods-Vivian-VivianUnitTests.release.xcconfig"; path = "Pods/Target Support Files/Pods-Vivian-VivianUnitTests/Pods-Vivian-VivianUnitTests.release.xcconfig"; sourceTree = "<group>"; };
		1004835D7502937B6931CA90 /* Pods-VivianTests.debug.xcconfig */ = {isa = PBXFileReference; includeInIndex = 1; lastKnownFileType = text.xcconfig; name = "Pods-VivianTests.debug.xcconfig"; path = "Pods/Target Support Files/Pods-VivianTests/Pods-VivianTests.debug.xcconfig"; sourceTree = "<group>"; };
		27DA7F9962BFAB22E2AB7107 /* Pods-Vivian-VivianUITests.release.xcconfig */ = {isa = PBXFileReference; includeInIndex = 1; lastKnownFileType = text.xcconfig; name = "Pods-Vivian-VivianUITests.release.xcconfig"; path = "Pods/Target Support Files/Pods-Vivian-VivianUITests/Pods-Vivian-VivianUITests.release.xcconfig"; sourceTree = "<group>"; };
		3D7DA2122DC0CB6D11F88BC1 /* Pods-Vivian.release.xcconfig */ = {isa = PBXFileReference; includeInIndex = 1; lastKnownFileType = text.xcconfig; name = "Pods-Vivian.release.xcconfig"; path = "Pods/Target Support Files/Pods-Vivian/Pods-Vivian.release.xcconfig"; sourceTree = "<group>"; };
		43B77D6B753D7C05A5E41D4B /* Pods_VivianUITests.framework */ = {isa = PBXFileReference; explicitFileType = wrapper.framework; includeInIndex = 0; path = Pods_VivianUITests.framework; sourceTree = BUILT_PRODUCTS_DIR; };
		4928C09B70B368B0D9379740 /* Pods-Vivian-VivianUnitTests.debug.xcconfig */ = {isa = PBXFileReference; includeInIndex = 1; lastKnownFileType = text.xcconfig; name = "Pods-Vivian-VivianUnitTests.debug.xcconfig"; path = "Pods/Target Support Files/Pods-Vivian-VivianUnitTests/Pods-Vivian-VivianUnitTests.debug.xcconfig"; sourceTree = "<group>"; };
		4FE2F9C566A070E7430C2CD5 /* Pods-Vivian-VivianUITests.debug.xcconfig */ = {isa = PBXFileReference; includeInIndex = 1; lastKnownFileType = text.xcconfig; name = "Pods-Vivian-VivianUITests.debug.xcconfig"; path = "Pods/Target Support Files/Pods-Vivian-VivianUITests/Pods-Vivian-VivianUITests.debug.xcconfig"; sourceTree = "<group>"; };
		653E4F21A8C9B00F88B920D6 /* Pods_Vivian_VivianUnitTests.framework */ = {isa = PBXFileReference; explicitFileType = wrapper.framework; includeInIndex = 0; path = Pods_Vivian_VivianUnitTests.framework; sourceTree = BUILT_PRODUCTS_DIR; };
		80E4587C0D3F5D4F1E0CCF20 /* Pods-VivianTests.release.xcconfig */ = {isa = PBXFileReference; includeInIndex = 1; lastKnownFileType = text.xcconfig; name = "Pods-VivianTests.release.xcconfig"; path = "Pods/Target Support Files/Pods-VivianTests/Pods-VivianTests.release.xcconfig"; sourceTree = "<group>"; };
		80F07B807F27D31245E676F9 /* Pods_VivianTests.framework */ = {isa = PBXFileReference; explicitFileType = wrapper.framework; includeInIndex = 0; path = Pods_VivianTests.framework; sourceTree = BUILT_PRODUCTS_DIR; };
		85CF4A31DDF01F25564EB041 /* Pods_Vivian_VivianUITests.framework */ = {isa = PBXFileReference; explicitFileType = wrapper.framework; includeInIndex = 0; path = Pods_Vivian_VivianUITests.framework; sourceTree = BUILT_PRODUCTS_DIR; };
		924A17FB2FA8AC78AECC27F6 /* Pods_VivianUnitTests.framework */ = {isa = PBXFileReference; explicitFileType = wrapper.framework; includeInIndex = 0; path = Pods_VivianUnitTests.framework; sourceTree = BUILT_PRODUCTS_DIR; };
		9DEF930A248FC130D5ADF0A2 /* Pods-VivianUnitTests.debug.xcconfig */ = {isa = PBXFileReference; includeInIndex = 1; lastKnownFileType = text.xcconfig; name = "Pods-VivianUnitTests.debug.xcconfig"; path = "Pods/Target Support Files/Pods-VivianUnitTests/Pods-VivianUnitTests.debug.xcconfig"; sourceTree = "<group>"; };
		AA01274E02913B01E182870D /* Pods-VivianUITests.release.xcconfig */ = {isa = PBXFileReference; includeInIndex = 1; lastKnownFileType = text.xcconfig; name = "Pods-VivianUITests.release.xcconfig"; path = "Pods/Target Support Files/Pods-VivianUITests/Pods-VivianUITests.release.xcconfig"; sourceTree = "<group>"; };
		B0F45885C4E8659EB2074162 /* Pods-Vivian.debug.xcconfig */ = {isa = PBXFileReference; includeInIndex = 1; lastKnownFileType = text.xcconfig; name = "Pods-Vivian.debug.xcconfig"; path = "Pods/Target Support Files/Pods-Vivian/Pods-Vivian.debug.xcconfig"; sourceTree = "<group>"; };
		C15DC37B32C1FC419120AEAB /* Pods-VivianUnitTests.release.xcconfig */ = {isa = PBXFileReference; includeInIndex = 1; lastKnownFileType = text.xcconfig; name = "Pods-VivianUnitTests.release.xcconfig"; path = "Pods/Target Support Files/Pods-VivianUnitTests/Pods-VivianUnitTests.release.xcconfig"; sourceTree = "<group>"; };
		C7324AAD67FF2BD556A650C3 /* Pods-VivianUITests.debug.xcconfig */ = {isa = PBXFileReference; includeInIndex = 1; lastKnownFileType = text.xcconfig; name = "Pods-VivianUITests.debug.xcconfig"; path = "Pods/Target Support Files/Pods-VivianUITests/Pods-VivianUITests.debug.xcconfig"; sourceTree = "<group>"; };
		CBF150BBA3F32D3538684F96 /* Pods_Vivian.framework */ = {isa = PBXFileReference; explicitFileType = wrapper.framework; includeInIndex = 0; path = Pods_Vivian.framework; sourceTree = BUILT_PRODUCTS_DIR; };
/* End PBXFileReference section */

/* Begin PBXFrameworksBuildPhase section */
		065F60141ED0087D00896DF9 /* Frameworks */ = {
			isa = PBXFrameworksBuildPhase;
			buildActionMask = 2147483647;
			files = (
				A32BF624A31BD0CD7F15199B /* Pods_Vivian.framework in Frameworks */,
			);
			runOnlyForDeploymentPostprocessing = 0;
		};
		065F60281ED0087D00896DF9 /* Frameworks */ = {
			isa = PBXFrameworksBuildPhase;
			buildActionMask = 2147483647;
			files = (
				0ABBFBB6DD6E748F6CFB4691 /* Pods_VivianUnitTests.framework in Frameworks */,
			);
			runOnlyForDeploymentPostprocessing = 0;
		};
		065F603B1ED00A0700896DF9 /* Frameworks */ = {
			isa = PBXFrameworksBuildPhase;
			buildActionMask = 2147483647;
			files = (
				677847CEF098AF156C3F866A /* Pods_VivianUITests.framework in Frameworks */,
			);
			runOnlyForDeploymentPostprocessing = 0;
		};
/* End PBXFrameworksBuildPhase section */

/* Begin PBXGroup section */
		065F600E1ED0087D00896DF9 = {
			isa = PBXGroup;
			children = (
				065F60191ED0087D00896DF9 /* Vivian */,
				065F602E1ED0087D00896DF9 /* VivianUnitTests */,
				065F603F1ED00A0700896DF9 /* VivianUITests */,
				065F60181ED0087D00896DF9 /* Products */,
				C479F4712E566A0344DE7C2D /* Pods */,
				9698E38277CB98F07FA6AF8C /* Frameworks */,
			);
			sourceTree = "<group>";
		};
		065F60181ED0087D00896DF9 /* Products */ = {
			isa = PBXGroup;
			children = (
				065F60171ED0087D00896DF9 /* Vivian.app */,
				065F602B1ED0087D00896DF9 /* VivianUnitTests.xctest */,
				065F603E1ED00A0700896DF9 /* VivianUITests.xctest */,
			);
			name = Products;
			sourceTree = "<group>";
		};
		065F60191ED0087D00896DF9 /* Vivian */ = {
			isa = PBXGroup;
			children = (
				065F601A1ED0087D00896DF9 /* AppDelegate.swift */,
				065F601C1ED0087D00896DF9 /* ViewController.swift */,
				065F601E1ED0087D00896DF9 /* Main.storyboard */,
				065F60211ED0087D00896DF9 /* Assets.xcassets */,
				065F60231ED0087D00896DF9 /* LaunchScreen.storyboard */,
				065F60261ED0087D00896DF9 /* Info.plist */,
			);
			path = Vivian;
			sourceTree = "<group>";
		};
		065F602E1ED0087D00896DF9 /* VivianUnitTests */ = {
			isa = PBXGroup;
			children = (
				065F602F1ED0087D00896DF9 /* VivianUnitTests.swift */,
				065F60311ED0087D00896DF9 /* Info.plist */,
			);
			name = VivianUnitTests;
			path = VivianTests;
			sourceTree = "<group>";
		};
		065F603F1ED00A0700896DF9 /* VivianUITests */ = {
			isa = PBXGroup;
			children = (
				065F60401ED00A0700896DF9 /* VivianUITests.swift */,
				065F60421ED00A0700896DF9 /* Info.plist */,
				0659127C1ED00E9800B4CB10 /* KIF+Extension.swift */,
			);
			path = VivianUITests;
			sourceTree = "<group>";
		};
		9698E38277CB98F07FA6AF8C /* Frameworks */ = {
			isa = PBXGroup;
			children = (
				CBF150BBA3F32D3538684F96 /* Pods_Vivian.framework */,
				80F07B807F27D31245E676F9 /* Pods_VivianTests.framework */,
				924A17FB2FA8AC78AECC27F6 /* Pods_VivianUnitTests.framework */,
				43B77D6B753D7C05A5E41D4B /* Pods_VivianUITests.framework */,
				85CF4A31DDF01F25564EB041 /* Pods_Vivian_VivianUITests.framework */,
				653E4F21A8C9B00F88B920D6 /* Pods_Vivian_VivianUnitTests.framework */,
			);
			name = Frameworks;
			sourceTree = "<group>";
		};
		C479F4712E566A0344DE7C2D /* Pods */ = {
			isa = PBXGroup;
			children = (
				B0F45885C4E8659EB2074162 /* Pods-Vivian.debug.xcconfig */,
				3D7DA2122DC0CB6D11F88BC1 /* Pods-Vivian.release.xcconfig */,
				1004835D7502937B6931CA90 /* Pods-VivianTests.debug.xcconfig */,
				80E4587C0D3F5D4F1E0CCF20 /* Pods-VivianTests.release.xcconfig */,
				9DEF930A248FC130D5ADF0A2 /* Pods-VivianUnitTests.debug.xcconfig */,
				C15DC37B32C1FC419120AEAB /* Pods-VivianUnitTests.release.xcconfig */,
				C7324AAD67FF2BD556A650C3 /* Pods-VivianUITests.debug.xcconfig */,
				AA01274E02913B01E182870D /* Pods-VivianUITests.release.xcconfig */,
				4FE2F9C566A070E7430C2CD5 /* Pods-Vivian-VivianUITests.debug.xcconfig */,
				27DA7F9962BFAB22E2AB7107 /* Pods-Vivian-VivianUITests.release.xcconfig */,
				4928C09B70B368B0D9379740 /* Pods-Vivian-VivianUnitTests.debug.xcconfig */,
				0B65A9C3085ACE1AF50C1C90 /* Pods-Vivian-VivianUnitTests.release.xcconfig */,
			);
			name = Pods;
			sourceTree = "<group>";
		};
/* End PBXGroup section */

/* Begin PBXNativeTarget section */
		065F60161ED0087D00896DF9 /* Vivian */ = {
			isa = PBXNativeTarget;
			buildConfigurationList = 065F60341ED0087D00896DF9 /* Build configuration list for PBXNativeTarget "Vivian" */;
			buildPhases = (
				5A5E685345518FF4D5BCD3FF /* [CP] Check Pods Manifest.lock */,
				065F60131ED0087D00896DF9 /* Sources */,
				065F60141ED0087D00896DF9 /* Frameworks */,
				065F60151ED0087D00896DF9 /* Resources */,
				950F1FB0FC896BC641B485AC /* [CP] Embed Pods Frameworks */,
				DD1A5619083FE567E5835292 /* [CP] Copy Pods Resources */,
				0659127E1ED01D2700B4CB10 /* SwiftLint Script */,
			);
			buildRules = (
			);
			dependencies = (
			);
			name = Vivian;
			productName = Vivian;
			productReference = 065F60171ED0087D00896DF9 /* Vivian.app */;
			productType = "com.apple.product-type.application";
		};
		065F602A1ED0087D00896DF9 /* VivianUnitTests */ = {
			isa = PBXNativeTarget;
			buildConfigurationList = 065F60371ED0087D00896DF9 /* Build configuration list for PBXNativeTarget "VivianUnitTests" */;
			buildPhases = (
				60E41047048202C616238071 /* [CP] Check Pods Manifest.lock */,
				065F60271ED0087D00896DF9 /* Sources */,
				065F60281ED0087D00896DF9 /* Frameworks */,
				065F60291ED0087D00896DF9 /* Resources */,
				D1DB694A86987263DAB9F974 /* [CP] Embed Pods Frameworks */,
				5DA75B6A270185922852E9C0 /* [CP] Copy Pods Resources */,
			);
			buildRules = (
			);
			dependencies = (
				065F602D1ED0087D00896DF9 /* PBXTargetDependency */,
			);
			name = VivianUnitTests;
			productName = VivianTests;
			productReference = 065F602B1ED0087D00896DF9 /* VivianUnitTests.xctest */;
			productType = "com.apple.product-type.bundle.unit-test";
		};
		065F603D1ED00A0700896DF9 /* VivianUITests */ = {
			isa = PBXNativeTarget;
			buildConfigurationList = 065F60471ED00A0700896DF9 /* Build configuration list for PBXNativeTarget "VivianUITests" */;
			buildPhases = (
				E43407998976497F30AEBAB2 /* [CP] Check Pods Manifest.lock */,
				065F603A1ED00A0700896DF9 /* Sources */,
				065F603B1ED00A0700896DF9 /* Frameworks */,
				065F603C1ED00A0700896DF9 /* Resources */,
				F6511A84CBED44FC278E34CA /* [CP] Embed Pods Frameworks */,
				93D4D7B6E7B467D954372BD5 /* [CP] Copy Pods Resources */,
			);
			buildRules = (
			);
			dependencies = (
				065F60441ED00A0700896DF9 /* PBXTargetDependency */,
			);
			name = VivianUITests;
			productName = VivianUITests;
			productReference = 065F603E1ED00A0700896DF9 /* VivianUITests.xctest */;
			productType = "com.apple.product-type.bundle.unit-test";
		};
/* End PBXNativeTarget section */

/* Begin PBXProject section */
		065F600F1ED0087D00896DF9 /* Project object */ = {
			isa = PBXProject;
			attributes = {
				LastSwiftUpdateCheck = 0830;
				LastUpgradeCheck = 0830;
				ORGANIZATIONNAME = Hoang;
				TargetAttributes = {
					065F60161ED0087D00896DF9 = {
						CreatedOnToolsVersion = 8.3.2;
						ProvisioningStyle = Automatic;
					};
					065F602A1ED0087D00896DF9 = {
						CreatedOnToolsVersion = 8.3.2;
						ProvisioningStyle = Automatic;
						TestTargetID = 065F60161ED0087D00896DF9;
					};
					065F603D1ED00A0700896DF9 = {
						CreatedOnToolsVersion = 8.3.2;
						ProvisioningStyle = Automatic;
						TestTargetID = 065F60161ED0087D00896DF9;
					};
				};
			};
			buildConfigurationList = 065F60121ED0087D00896DF9 /* Build configuration list for PBXProject "Vivian" */;
			compatibilityVersion = "Xcode 3.2";
			developmentRegion = English;
			hasScannedForEncodings = 0;
			knownRegions = (
				en,
				Base,
			);
			mainGroup = 065F600E1ED0087D00896DF9;
			productRefGroup = 065F60181ED0087D00896DF9 /* Products */;
			projectDirPath = "";
			projectRoot = "";
			targets = (
				065F60161ED0087D00896DF9 /* Vivian */,
				065F602A1ED0087D00896DF9 /* VivianUnitTests */,
				065F603D1ED00A0700896DF9 /* VivianUITests */,
			);
		};
/* End PBXProject section */

/* Begin PBXResourcesBuildPhase section */
		065F60151ED0087D00896DF9 /* Resources */ = {
			isa = PBXResourcesBuildPhase;
			buildActionMask = 2147483647;
			files = (
				065F60251ED0087D00896DF9 /* LaunchScreen.storyboard in Resources */,
				065F60221ED0087D00896DF9 /* Assets.xcassets in Resources */,
				065F60201ED0087D00896DF9 /* Main.storyboard in Resources */,
			);
			runOnlyForDeploymentPostprocessing = 0;
		};
		065F60291ED0087D00896DF9 /* Resources */ = {
			isa = PBXResourcesBuildPhase;
			buildActionMask = 2147483647;
			files = (
			);
			runOnlyForDeploymentPostprocessing = 0;
		};
		065F603C1ED00A0700896DF9 /* Resources */ = {
			isa = PBXResourcesBuildPhase;
			buildActionMask = 2147483647;
			files = (
			);
			runOnlyForDeploymentPostprocessing = 0;
		};
/* End PBXResourcesBuildPhase section */

/* Begin PBXShellScriptBuildPhase section */
		0659127E1ED01D2700B4CB10 /* SwiftLint Script */ = {
			isa = PBXShellScriptBuildPhase;
			buildActionMask = 2147483647;
			files = (
			);
			inputPaths = (
			);
			name = "SwiftLint Script";
			outputPaths = (
			);
			runOnlyForDeploymentPostprocessing = 0;
			shellPath = /bin/sh;
			shellScript = "\"${PODS_ROOT}/SwiftLint/swiftlint\"";
		};
		5A5E685345518FF4D5BCD3FF /* [CP] Check Pods Manifest.lock */ = {
			isa = PBXShellScriptBuildPhase;
			buildActionMask = 2147483647;
			files = (
			);
			inputPaths = (
			);
			name = "[CP] Check Pods Manifest.lock";
			outputPaths = (
			);
			runOnlyForDeploymentPostprocessing = 0;
			shellPath = /bin/sh;
			shellScript = "diff \"${PODS_ROOT}/../Podfile.lock\" \"${PODS_ROOT}/Manifest.lock\" > /dev/null\nif [ $? != 0 ] ; then\n    # print error to STDERR\n    echo \"error: The sandbox is not in sync with the Podfile.lock. Run 'pod install' or update your CocoaPods installation.\" >&2\n    exit 1\nfi\n";
			showEnvVarsInLog = 0;
		};
		5DA75B6A270185922852E9C0 /* [CP] Copy Pods Resources */ = {
			isa = PBXShellScriptBuildPhase;
			buildActionMask = 2147483647;
			files = (
			);
			inputPaths = (
			);
			name = "[CP] Copy Pods Resources";
			outputPaths = (
			);
			runOnlyForDeploymentPostprocessing = 0;
			shellPath = /bin/sh;
			shellScript = "\"${SRCROOT}/Pods/Target Support Files/Pods-VivianUnitTests/Pods-VivianUnitTests-resources.sh\"\n";
			showEnvVarsInLog = 0;
		};
		60E41047048202C616238071 /* [CP] Check Pods Manifest.lock */ = {
			isa = PBXShellScriptBuildPhase;
			buildActionMask = 2147483647;
			files = (
			);
			inputPaths = (
			);
			name = "[CP] Check Pods Manifest.lock";
			outputPaths = (
			);
			runOnlyForDeploymentPostprocessing = 0;
			shellPath = /bin/sh;
			shellScript = "diff \"${PODS_ROOT}/../Podfile.lock\" \"${PODS_ROOT}/Manifest.lock\" > /dev/null\nif [ $? != 0 ] ; then\n    # print error to STDERR\n    echo \"error: The sandbox is not in sync with the Podfile.lock. Run 'pod install' or update your CocoaPods installation.\" >&2\n    exit 1\nfi\n";
			showEnvVarsInLog = 0;
		};
		93D4D7B6E7B467D954372BD5 /* [CP] Copy Pods Resources */ = {
			isa = PBXShellScriptBuildPhase;
			buildActionMask = 2147483647;
			files = (
			);
			inputPaths = (
			);
			name = "[CP] Copy Pods Resources";
			outputPaths = (
			);
			runOnlyForDeploymentPostprocessing = 0;
			shellPath = /bin/sh;
			shellScript = "\"${SRCROOT}/Pods/Target Support Files/Pods-VivianUITests/Pods-VivianUITests-resources.sh\"\n";
			showEnvVarsInLog = 0;
		};
		950F1FB0FC896BC641B485AC /* [CP] Embed Pods Frameworks */ = {
			isa = PBXShellScriptBuildPhase;
			buildActionMask = 2147483647;
			files = (
			);
			inputPaths = (
			);
			name = "[CP] Embed Pods Frameworks";
			outputPaths = (
			);
			runOnlyForDeploymentPostprocessing = 0;
			shellPath = /bin/sh;
			shellScript = "\"${SRCROOT}/Pods/Target Support Files/Pods-Vivian/Pods-Vivian-frameworks.sh\"\n";
			showEnvVarsInLog = 0;
		};
		D1DB694A86987263DAB9F974 /* [CP] Embed Pods Frameworks */ = {
			isa = PBXShellScriptBuildPhase;
			buildActionMask = 2147483647;
			files = (
			);
			inputPaths = (
			);
			name = "[CP] Embed Pods Frameworks";
			outputPaths = (
			);
			runOnlyForDeploymentPostprocessing = 0;
			shellPath = /bin/sh;
			shellScript = "\"${SRCROOT}/Pods/Target Support Files/Pods-VivianUnitTests/Pods-VivianUnitTests-frameworks.sh\"\n";
			showEnvVarsInLog = 0;
		};
		DD1A5619083FE567E5835292 /* [CP] Copy Pods Resources */ = {
			isa = PBXShellScriptBuildPhase;
			buildActionMask = 2147483647;
			files = (
			);
			inputPaths = (
			);
			name = "[CP] Copy Pods Resources";
			outputPaths = (
			);
			runOnlyForDeploymentPostprocessing = 0;
			shellPath = /bin/sh;
			shellScript = "\"${SRCROOT}/Pods/Target Support Files/Pods-Vivian/Pods-Vivian-resources.sh\"\n";
			showEnvVarsInLog = 0;
		};
		E43407998976497F30AEBAB2 /* [CP] Check Pods Manifest.lock */ = {
			isa = PBXShellScriptBuildPhase;
			buildActionMask = 2147483647;
			files = (
			);
			inputPaths = (
			);
			name = "[CP] Check Pods Manifest.lock";
			outputPaths = (
			);
			runOnlyForDeploymentPostprocessing = 0;
			shellPath = /bin/sh;
			shellScript = "diff \"${PODS_ROOT}/../Podfile.lock\" \"${PODS_ROOT}/Manifest.lock\" > /dev/null\nif [ $? != 0 ] ; then\n    # print error to STDERR\n    echo \"error: The sandbox is not in sync with the Podfile.lock. Run 'pod install' or update your CocoaPods installation.\" >&2\n    exit 1\nfi\n";
			showEnvVarsInLog = 0;
		};
		F6511A84CBED44FC278E34CA /* [CP] Embed Pods Frameworks */ = {
			isa = PBXShellScriptBuildPhase;
			buildActionMask = 2147483647;
			files = (
			);
			inputPaths = (
			);
			name = "[CP] Embed Pods Frameworks";
			outputPaths = (
			);
			runOnlyForDeploymentPostprocessing = 0;
			shellPath = /bin/sh;
			shellScript = "\"${SRCROOT}/Pods/Target Support Files/Pods-VivianUITests/Pods-VivianUITests-frameworks.sh\"\n";
			showEnvVarsInLog = 0;
		};
/* End PBXShellScriptBuildPhase section */

/* Begin PBXSourcesBuildPhase section */
		065F60131ED0087D00896DF9 /* Sources */ = {
			isa = PBXSourcesBuildPhase;
			buildActionMask = 2147483647;
			files = (
				065F601D1ED0087D00896DF9 /* ViewController.swift in Sources */,
				065F601B1ED0087D00896DF9 /* AppDelegate.swift in Sources */,
			);
			runOnlyForDeploymentPostprocessing = 0;
		};
		065F60271ED0087D00896DF9 /* Sources */ = {
			isa = PBXSourcesBuildPhase;
			buildActionMask = 2147483647;
			files = (
				065F60301ED0087D00896DF9 /* VivianUnitTests.swift in Sources */,
			);
			runOnlyForDeploymentPostprocessing = 0;
		};
		065F603A1ED00A0700896DF9 /* Sources */ = {
			isa = PBXSourcesBuildPhase;
			buildActionMask = 2147483647;
			files = (
				0659127D1ED00E9800B4CB10 /* KIF+Extension.swift in Sources */,
				065F60411ED00A0700896DF9 /* VivianUITests.swift in Sources */,
			);
			runOnlyForDeploymentPostprocessing = 0;
		};
/* End PBXSourcesBuildPhase section */

/* Begin PBXTargetDependency section */
		065F602D1ED0087D00896DF9 /* PBXTargetDependency */ = {
			isa = PBXTargetDependency;
			target = 065F60161ED0087D00896DF9 /* Vivian */;
			targetProxy = 065F602C1ED0087D00896DF9 /* PBXContainerItemProxy */;
		};
		065F60441ED00A0700896DF9 /* PBXTargetDependency */ = {
			isa = PBXTargetDependency;
			target = 065F60161ED0087D00896DF9 /* Vivian */;
			targetProxy = 065F60431ED00A0700896DF9 /* PBXContainerItemProxy */;
		};
/* End PBXTargetDependency section */

/* Begin PBXVariantGroup section */
		065F601E1ED0087D00896DF9 /* Main.storyboard */ = {
			isa = PBXVariantGroup;
			children = (
				065F601F1ED0087D00896DF9 /* Base */,
			);
			name = Main.storyboard;
			sourceTree = "<group>";
		};
		065F60231ED0087D00896DF9 /* LaunchScreen.storyboard */ = {
			isa = PBXVariantGroup;
			children = (
				065F60241ED0087D00896DF9 /* Base */,
			);
			name = LaunchScreen.storyboard;
			sourceTree = "<group>";
		};
/* End PBXVariantGroup section */

/* Begin XCBuildConfiguration section */
		065F60321ED0087D00896DF9 /* Debug */ = {
			isa = XCBuildConfiguration;
			buildSettings = {
				ALWAYS_SEARCH_USER_PATHS = NO;
				CLANG_ANALYZER_NONNULL = YES;
				CLANG_ANALYZER_NUMBER_OBJECT_CONVERSION = YES_AGGRESSIVE;
				CLANG_CXX_LANGUAGE_STANDARD = "gnu++0x";
				CLANG_CXX_LIBRARY = "libc++";
				CLANG_ENABLE_MODULES = YES;
				CLANG_ENABLE_OBJC_ARC = YES;
				CLANG_WARN_BOOL_CONVERSION = YES;
				CLANG_WARN_CONSTANT_CONVERSION = YES;
				CLANG_WARN_DIRECT_OBJC_ISA_USAGE = YES_ERROR;
				CLANG_WARN_DOCUMENTATION_COMMENTS = YES;
				CLANG_WARN_EMPTY_BODY = YES;
				CLANG_WARN_ENUM_CONVERSION = YES;
				CLANG_WARN_INFINITE_RECURSION = YES;
				CLANG_WARN_INT_CONVERSION = YES;
				CLANG_WARN_OBJC_ROOT_CLASS = YES_ERROR;
				CLANG_WARN_SUSPICIOUS_MOVE = YES;
				CLANG_WARN_UNREACHABLE_CODE = YES;
				CLANG_WARN__DUPLICATE_METHOD_MATCH = YES;
				"CODE_SIGN_IDENTITY[sdk=iphoneos*]" = "iPhone Developer";
				COPY_PHASE_STRIP = NO;
				DEBUG_INFORMATION_FORMAT = dwarf;
				ENABLE_STRICT_OBJC_MSGSEND = YES;
				ENABLE_TESTABILITY = YES;
				GCC_C_LANGUAGE_STANDARD = gnu99;
				GCC_DYNAMIC_NO_PIC = NO;
				GCC_NO_COMMON_BLOCKS = YES;
				GCC_OPTIMIZATION_LEVEL = 0;
				GCC_PREPROCESSOR_DEFINITIONS = (
					"DEBUG=1",
					"$(inherited)",
				);
				GCC_WARN_64_TO_32_BIT_CONVERSION = YES;
				GCC_WARN_ABOUT_RETURN_TYPE = YES_ERROR;
				GCC_WARN_UNDECLARED_SELECTOR = YES;
				GCC_WARN_UNINITIALIZED_AUTOS = YES_AGGRESSIVE;
				GCC_WARN_UNUSED_FUNCTION = YES;
				GCC_WARN_UNUSED_VARIABLE = YES;
				IPHONEOS_DEPLOYMENT_TARGET = 10.3;
				MTL_ENABLE_DEBUG_INFO = YES;
				ONLY_ACTIVE_ARCH = YES;
				SDKROOT = iphoneos;
				SWIFT_ACTIVE_COMPILATION_CONDITIONS = DEBUG;
				SWIFT_OPTIMIZATION_LEVEL = "-Onone";
				TARGETED_DEVICE_FAMILY = "1,2";
			};
			name = Debug;
		};
		065F60331ED0087D00896DF9 /* Release */ = {
			isa = XCBuildConfiguration;
			buildSettings = {
				ALWAYS_SEARCH_USER_PATHS = NO;
				CLANG_ANALYZER_NONNULL = YES;
				CLANG_ANALYZER_NUMBER_OBJECT_CONVERSION = YES_AGGRESSIVE;
				CLANG_CXX_LANGUAGE_STANDARD = "gnu++0x";
				CLANG_CXX_LIBRARY = "libc++";
				CLANG_ENABLE_MODULES = YES;
				CLANG_ENABLE_OBJC_ARC = YES;
				CLANG_WARN_BOOL_CONVERSION = YES;
				CLANG_WARN_CONSTANT_CONVERSION = YES;
				CLANG_WARN_DIRECT_OBJC_ISA_USAGE = YES_ERROR;
				CLANG_WARN_DOCUMENTATION_COMMENTS = YES;
				CLANG_WARN_EMPTY_BODY = YES;
				CLANG_WARN_ENUM_CONVERSION = YES;
				CLANG_WARN_INFINITE_RECURSION = YES;
				CLANG_WARN_INT_CONVERSION = YES;
				CLANG_WARN_OBJC_ROOT_CLASS = YES_ERROR;
				CLANG_WARN_SUSPICIOUS_MOVE = YES;
				CLANG_WARN_UNREACHABLE_CODE = YES;
				CLANG_WARN__DUPLICATE_METHOD_MATCH = YES;
				"CODE_SIGN_IDENTITY[sdk=iphoneos*]" = "iPhone Developer";
				COPY_PHASE_STRIP = NO;
				DEBUG_INFORMATION_FORMAT = "dwarf-with-dsym";
				ENABLE_NS_ASSERTIONS = NO;
				ENABLE_STRICT_OBJC_MSGSEND = YES;
				GCC_C_LANGUAGE_STANDARD = gnu99;
				GCC_NO_COMMON_BLOCKS = YES;
				GCC_WARN_64_TO_32_BIT_CONVERSION = YES;
				GCC_WARN_ABOUT_RETURN_TYPE = YES_ERROR;
				GCC_WARN_UNDECLARED_SELECTOR = YES;
				GCC_WARN_UNINITIALIZED_AUTOS = YES_AGGRESSIVE;
				GCC_WARN_UNUSED_FUNCTION = YES;
				GCC_WARN_UNUSED_VARIABLE = YES;
				IPHONEOS_DEPLOYMENT_TARGET = 10.3;
				MTL_ENABLE_DEBUG_INFO = NO;
				SDKROOT = iphoneos;
				SWIFT_OPTIMIZATION_LEVEL = "-Owholemodule";
				TARGETED_DEVICE_FAMILY = "1,2";
				VALIDATE_PRODUCT = YES;
			};
			name = Release;
		};
		065F60351ED0087D00896DF9 /* Debug */ = {
			isa = XCBuildConfiguration;
			baseConfigurationReference = B0F45885C4E8659EB2074162 /* Pods-Vivian.debug.xcconfig */;
			buildSettings = {
				ASSETCATALOG_COMPILER_APPICON_NAME = AppIcon;
				INFOPLIST_FILE = Vivian/Info.plist;
				LD_RUNPATH_SEARCH_PATHS = "$(inherited) @executable_path/Frameworks";
				PRODUCT_BUNDLE_IDENTIFIER = hoang.tran.Vivian;
				PRODUCT_NAME = "$(TARGET_NAME)";
				SWIFT_VERSION = 3.0;
			};
			name = Debug;
		};
		065F60361ED0087D00896DF9 /* Release */ = {
			isa = XCBuildConfiguration;
			baseConfigurationReference = 3D7DA2122DC0CB6D11F88BC1 /* Pods-Vivian.release.xcconfig */;
			buildSettings = {
				ASSETCATALOG_COMPILER_APPICON_NAME = AppIcon;
				INFOPLIST_FILE = Vivian/Info.plist;
				LD_RUNPATH_SEARCH_PATHS = "$(inherited) @executable_path/Frameworks";
				PRODUCT_BUNDLE_IDENTIFIER = hoang.tran.Vivian;
				PRODUCT_NAME = "$(TARGET_NAME)";
				SWIFT_VERSION = 3.0;
			};
			name = Release;
		};
		065F60381ED0087D00896DF9 /* Debug */ = {
			isa = XCBuildConfiguration;
			baseConfigurationReference = 9DEF930A248FC130D5ADF0A2 /* Pods-VivianUnitTests.debug.xcconfig */;
			buildSettings = {
				BUNDLE_LOADER = "$(TEST_HOST)";
				INFOPLIST_FILE = VivianTests/Info.plist;
				LD_RUNPATH_SEARCH_PATHS = "$(inherited) @executable_path/Frameworks @loader_path/Frameworks";
				PRODUCT_BUNDLE_IDENTIFIER = hoang.tran.VivianTests;
				PRODUCT_NAME = "$(TARGET_NAME)";
				SWIFT_VERSION = 3.0;
				TEST_HOST = "$(BUILT_PRODUCTS_DIR)/Vivian.app/Vivian";
			};
			name = Debug;
		};
		065F60391ED0087D00896DF9 /* Release */ = {
			isa = XCBuildConfiguration;
			baseConfigurationReference = C15DC37B32C1FC419120AEAB /* Pods-VivianUnitTests.release.xcconfig */;
			buildSettings = {
				BUNDLE_LOADER = "$(TEST_HOST)";
				INFOPLIST_FILE = VivianTests/Info.plist;
				LD_RUNPATH_SEARCH_PATHS = "$(inherited) @executable_path/Frameworks @loader_path/Frameworks";
				PRODUCT_BUNDLE_IDENTIFIER = hoang.tran.VivianTests;
				PRODUCT_NAME = "$(TARGET_NAME)";
				SWIFT_VERSION = 3.0;
				TEST_HOST = "$(BUILT_PRODUCTS_DIR)/Vivian.app/Vivian";
			};
			name = Release;
		};
		065F60451ED00A0700896DF9 /* Debug */ = {
			isa = XCBuildConfiguration;
			baseConfigurationReference = C7324AAD67FF2BD556A650C3 /* Pods-VivianUITests.debug.xcconfig */;
			buildSettings = {
				BUNDLE_LOADER = "$(TEST_HOST)";
				INFOPLIST_FILE = VivianUITests/Info.plist;
				LD_RUNPATH_SEARCH_PATHS = "$(inherited) @executable_path/Frameworks @loader_path/Frameworks";
				PRODUCT_BUNDLE_IDENTIFIER = hoang.tran.VivianUITests;
				PRODUCT_NAME = "$(TARGET_NAME)";
				SWIFT_VERSION = 3.0;
				TEST_HOST = "$(BUILT_PRODUCTS_DIR)/Vivian.app/Vivian";
			};
			name = Debug;
		};
		065F60461ED00A0700896DF9 /* Release */ = {
			isa = XCBuildConfiguration;
			baseConfigurationReference = AA01274E02913B01E182870D /* Pods-VivianUITests.release.xcconfig */;
			buildSettings = {
				BUNDLE_LOADER = "$(TEST_HOST)";
				INFOPLIST_FILE = VivianUITests/Info.plist;
				LD_RUNPATH_SEARCH_PATHS = "$(inherited) @executable_path/Frameworks @loader_path/Frameworks";
				PRODUCT_BUNDLE_IDENTIFIER = hoang.tran.VivianUITests;
				PRODUCT_NAME = "$(TARGET_NAME)";
				SWIFT_VERSION = 3.0;
				TEST_HOST = "$(BUILT_PRODUCTS_DIR)/Vivian.app/Vivian";
			};
			name = Release;
		};
/* End XCBuildConfiguration section */

/* Begin XCConfigurationList section */
		065F60121ED0087D00896DF9 /* Build configuration list for PBXProject "Vivian" */ = {
			isa = XCConfigurationList;
			buildConfigurations = (
				065F60321ED0087D00896DF9 /* Debug */,
				065F60331ED0087D00896DF9 /* Release */,
			);
			defaultConfigurationIsVisible = 0;
			defaultConfigurationName = Release;
		};
		065F60341ED0087D00896DF9 /* Build configuration list for PBXNativeTarget "Vivian" */ = {
			isa = XCConfigurationList;
			buildConfigurations = (
				065F60351ED0087D00896DF9 /* Debug */,
				065F60361ED0087D00896DF9 /* Release */,
			);
			defaultConfigurationIsVisible = 0;
			defaultConfigurationName = Release;
		};
		065F60371ED0087D00896DF9 /* Build configuration list for PBXNativeTarget "VivianUnitTests" */ = {
			isa = XCConfigurationList;
			buildConfigurations = (
				065F60381ED0087D00896DF9 /* Debug */,
				065F60391ED0087D00896DF9 /* Release */,
			);
			defaultConfigurationIsVisible = 0;
			defaultConfigurationName = Release;
		};
		065F60471ED00A0700896DF9 /* Build configuration list for PBXNativeTarget "VivianUITests" */ = {
			isa = XCConfigurationList;
			buildConfigurations = (
				065F60451ED00A0700896DF9 /* Debug */,
				065F60461ED00A0700896DF9 /* Release */,
			);
			defaultConfigurationIsVisible = 0;
			defaultConfigurationName = Release;
		};
/* End XCConfigurationList section */
	};
	rootObject = 065F600F1ED0087D00896DF9 /* Project object */;
}
